
Microsoft Visual Studio Solution File, Format Version 11.00
# Visual Studio 2010
Project("{FAE04EC0-301F-11D3-BF4B-00C04F79EFBC}") = "Assembly-CSharp", "Assembly-CSharp.csproj", "{2bb222fe-c4b6-a4cf-9a50-7e75d4a8de4b}"
EndProject
Project("{FAE04EC0-301F-11D3-BF4B-00C04F79EFBC}") = "Assembly-CSharp-Editor", "Assembly-CSharp-Editor.csproj", "{45b99067-287d-78f3-42b7-e22cc1bf732f}"
EndProject
Global
	GlobalSection(SolutionConfigurationPlatforms) = preSolution
		Debug|Any CPU = Debug|Any CPU
	EndGlobalSection
	GlobalSection(ProjectConfigurationPlatforms) = postSolution
		{2bb222fe-c4b6-a4cf-9a50-7e75d4a8de4b}.Debug|Any CPU.ActiveCfg = Debug|Any CPU
		{2bb222fe-c4b6-a4cf-9a50-7e75d4a8de4b}.Debug|Any CPU.Build.0 = Debug|Any CPU
		{45b99067-287d-78f3-42b7-e22cc1bf732f}.Debug|Any CPU.ActiveCfg = Debug|Any CPU
		{45b99067-287d-78f3-42b7-e22cc1bf732f}.Debug|Any CPU.Build.0 = Debug|Any CPU
	EndGlobalSection
	GlobalSection(SolutionProperties) = preSolution
		HideSolutionNode = FALSE
	EndGlobalSection
EndGlobal
